// !$*UTF8*$!
{
	archiveVersion = 1;
	classes = {
	};
	objectVersion = 46;
	objects = {

/* Begin PBXBuildFile section */
		AA52292B16A9E4970095EC1D /* UIKit.framework in Frameworks */ = {isa = PBXBuildFile; fileRef = AA52292A16A9E4970095EC1D /* UIKit.framework */; };
		AA52292D16A9E4970095EC1D /* Foundation.framework in Frameworks */ = {isa = PBXBuildFile; fileRef = AA52292C16A9E4970095EC1D /* Foundation.framework */; };
		AA52292F16A9E4970095EC1D /* CoreGraphics.framework in Frameworks */ = {isa = PBXBuildFile; fileRef = AA52292E16A9E4970095EC1D /* CoreGraphics.framework */; };
		AA52293516A9E4980095EC1D /* InfoPlist.strings in Resources */ = {isa = PBXBuildFile; fileRef = AA52293316A9E4980095EC1D /* InfoPlist.strings */; };
		AA52293716A9E4980095EC1D /* main.m in Sources */ = {isa = PBXBuildFile; fileRef = AA52293616A9E4980095EC1D /* main.m */; };
		AA52293B16A9E4980095EC1D /* AppDelegate.m in Sources */ = {isa = PBXBuildFile; fileRef = AA52293A16A9E4980095EC1D /* AppDelegate.m */; };
		AA52293D16A9E4980095EC1D /* Default.png in Resources */ = {isa = PBXBuildFile; fileRef = AA52293C16A9E4980095EC1D /* Default.png */; };
		AA52293F16A9E4980095EC1D /* Default@2x.png in Resources */ = {isa = PBXBuildFile; fileRef = AA52293E16A9E4980095EC1D /* Default@2x.png */; };
		AA52294116A9E4980095EC1D /* Default-568h@2x.png in Resources */ = {isa = PBXBuildFile; fileRef = AA52294016A9E4980095EC1D /* Default-568h@2x.png */; };
		AA52294816A9E5F00095EC1D /* FacebookSDK.framework in Frameworks */ = {isa = PBXBuildFile; fileRef = AA52294716A9E5F00095EC1D /* FacebookSDK.framework */; };
		AA52294A16A9E61B0095EC1D /* FacebookSDKResources.bundle in Resources */ = {isa = PBXBuildFile; fileRef = AA52294916A9E61B0095EC1D /* FacebookSDKResources.bundle */; };
		AA52294D16A9E6320095EC1D /* Accounts.framework in Frameworks */ = {isa = PBXBuildFile; fileRef = AA52294B16A9E6320095EC1D /* Accounts.framework */; settings = {ATTRIBUTES = (Weak, ); }; };
		AA52294E16A9E6320095EC1D /* AdSupport.framework in Frameworks */ = {isa = PBXBuildFile; fileRef = AA52294C16A9E6320095EC1D /* AdSupport.framework */; settings = {ATTRIBUTES = (Weak, ); }; };
		AA52295016A9E6450095EC1D /* Social.framework in Frameworks */ = {isa = PBXBuildFile; fileRef = AA52294F16A9E6450095EC1D /* Social.framework */; settings = {ATTRIBUTES = (Weak, ); }; };
		AA52295416A9E7D80095EC1D /* MainViewController.m in Sources */ = {isa = PBXBuildFile; fileRef = AA52295316A9E7D80095EC1D /* MainViewController.m */; };
		AA52295716A9E7E30095EC1D /* LoginViewController.m in Sources */ = {isa = PBXBuildFile; fileRef = AA52295616A9E7E30095EC1D /* LoginViewController.m */; };
		AA52295D16A9F1F00095EC1D /* CoreLocation.framework in Frameworks */ = {isa = PBXBuildFile; fileRef = AA52295C16A9F1F00095EC1D /* CoreLocation.framework */; };
/* End PBXBuildFile section */

/* Begin PBXFileReference section */
		AA52292616A9E4970095EC1D /* testApp.app */ = {isa = PBXFileReference; explicitFileType = wrapper.application; includeInIndex = 0; path = testApp.app; sourceTree = BUILT_PRODUCTS_DIR; };
		AA52292A16A9E4970095EC1D /* UIKit.framework */ = {isa = PBXFileReference; lastKnownFileType = wrapper.framework; name = UIKit.framework; path = System/Library/Frameworks/UIKit.framework; sourceTree = SDKROOT; };
		AA52292C16A9E4970095EC1D /* Foundation.framework */ = {isa = PBXFileReference; lastKnownFileType = wrapper.framework; name = Foundation.framework; path = System/Library/Frameworks/Foundation.framework; sourceTree = SDKROOT; };
		AA52292E16A9E4970095EC1D /* CoreGraphics.framework */ = {isa = PBXFileReference; lastKnownFileType = wrapper.framework; name = CoreGraphics.framework; path = System/Library/Frameworks/CoreGraphics.framework; sourceTree = SDKROOT; };
		AA52293216A9E4970095EC1D /* testApp-Info.plist */ = {isa = PBXFileReference; lastKnownFileType = text.plist.xml; path = "testApp-Info.plist"; sourceTree = "<group>"; };
		AA52293416A9E4980095EC1D /* en */ = {isa = PBXFileReference; lastKnownFileType = text.plist.strings; name = en; path = en.lproj/InfoPlist.strings; sourceTree = "<group>"; };
		AA52293616A9E4980095EC1D /* main.m */ = {isa = PBXFileReference; lastKnownFileType = sourcecode.c.objc; path = main.m; sourceTree = "<group>"; };
		AA52293816A9E4980095EC1D /* testApp-Prefix.pch */ = {isa = PBXFileReference; lastKnownFileType = sourcecode.c.h; path = "testApp-Prefix.pch"; sourceTree = "<group>"; };
		AA52293916A9E4980095EC1D /* AppDelegate.h */ = {isa = PBXFileReference; lastKnownFileType = sourcecode.c.h; path = AppDelegate.h; sourceTree = "<group>"; };
		AA52293A16A9E4980095EC1D /* AppDelegate.m */ = {isa = PBXFileReference; lastKnownFileType = sourcecode.c.objc; path = AppDelegate.m; sourceTree = "<group>"; };
		AA52293C16A9E4980095EC1D /* Default.png */ = {isa = PBXFileReference; lastKnownFileType = image.png; path = Default.png; sourceTree = "<group>"; };
		AA52293E16A9E4980095EC1D /* Default@2x.png */ = {isa = PBXFileReference; lastKnownFileType = image.png; path = "Default@2x.png"; sourceTree = "<group>"; };
		AA52294016A9E4980095EC1D /* Default-568h@2x.png */ = {isa = PBXFileReference; lastKnownFileType = image.png; path = "Default-568h@2x.png"; sourceTree = "<group>"; };
		AA52294716A9E5F00095EC1D /* FacebookSDK.framework */ = {isa = PBXFileReference; lastKnownFileType = wrapper.framework; name = FacebookSDK.framework; path = ../../../Documents/FacebookSDK/FacebookSDK.framework; sourceTree = "<group>"; };
		AA52294916A9E61B0095EC1D /* FacebookSDKResources.bundle */ = {isa = PBXFileReference; lastKnownFileType = "wrapper.plug-in"; name = FacebookSDKResources.bundle; path = ../../../Documents/FacebookSDK/FacebookSDK.framework/Versions/A/Resources/FacebookSDKResources.bundle; sourceTree = "<group>"; };
		AA52294B16A9E6320095EC1D /* Accounts.framework */ = {isa = PBXFileReference; lastKnownFileType = wrapper.framework; name = Accounts.framework; path = System/Library/Frameworks/Accounts.framework; sourceTree = SDKROOT; };
		AA52294C16A9E6320095EC1D /* AdSupport.framework */ = {isa = PBXFileReference; lastKnownFileType = wrapper.framework; name = AdSupport.framework; path = System/Library/Frameworks/AdSupport.framework; sourceTree = SDKROOT; };
		AA52294F16A9E6450095EC1D /* Social.framework */ = {isa = PBXFileReference; lastKnownFileType = wrapper.framework; name = Social.framework; path = System/Library/Frameworks/Social.framework; sourceTree = SDKROOT; };
		AA52295216A9E7D80095EC1D /* MainViewController.h */ = {isa = PBXFileReference; fileEncoding = 4; lastKnownFileType = sourcecode.c.h; path = MainViewController.h; sourceTree = "<group>"; };
		AA52295316A9E7D80095EC1D /* MainViewController.m */ = {isa = PBXFileReference; fileEncoding = 4; lastKnownFileType = sourcecode.c.objc; path = MainViewController.m; sourceTree = "<group>"; };
		AA52295516A9E7E30095EC1D /* LoginViewController.h */ = {isa = PBXFileReference; fileEncoding = 4; lastKnownFileType = sourcecode.c.h; path = LoginViewController.h; sourceTree = "<group>"; };
		AA52295616A9E7E30095EC1D /* LoginViewController.m */ = {isa = PBXFileReference; fileEncoding = 4; lastKnownFileType = sourcecode.c.objc; path = LoginViewController.m; sourceTree = "<group>"; };
		AA52295C16A9F1F00095EC1D /* CoreLocation.framework */ = {isa = PBXFileReference; lastKnownFileType = wrapper.framework; name = CoreLocation.framework; path = System/Library/Frameworks/CoreLocation.framework; sourceTree = SDKROOT; };
/* End PBXFileReference section */

/* Begin PBXFrameworksBuildPhase section */
		AA52292316A9E4970095EC1D /* Frameworks */ = {
			isa = PBXFrameworksBuildPhase;
			buildActionMask = 2147483647;
			files = (
				AA52295D16A9F1F00095EC1D /* CoreLocation.framework in Frameworks */,
				AA52295016A9E6450095EC1D /* Social.framework in Frameworks */,
				AA52294D16A9E6320095EC1D /* Accounts.framework in Frameworks */,
				AA52294E16A9E6320095EC1D /* AdSupport.framework in Frameworks */,
				AA52292B16A9E4970095EC1D /* UIKit.framework in Frameworks */,
				AA52292D16A9E4970095EC1D /* Foundation.framework in Frameworks */,
				AA52292F16A9E4970095EC1D /* CoreGraphics.framework in Frameworks */,
				AA52294816A9E5F00095EC1D /* FacebookSDK.framework in Frameworks */,
			);
			runOnlyForDeploymentPostprocessing = 0;
		};
/* End PBXFrameworksBuildPhase section */

/* Begin PBXGroup section */
		AA52291B16A9E4970095EC1D = {
			isa = PBXGroup;
			children = (
				AA52293016A9E4970095EC1D /* testApp */,
				AA52292916A9E4970095EC1D /* Frameworks */,
				AA52292716A9E4970095EC1D /* Products */,
			);
			sourceTree = "<group>";
		};
		AA52292716A9E4970095EC1D /* Products */ = {
			isa = PBXGroup;
			children = (
				AA52292616A9E4970095EC1D /* testApp.app */,
			);
			name = Products;
			sourceTree = "<group>";
		};
		AA52292916A9E4970095EC1D /* Frameworks */ = {
			isa = PBXGroup;
			children = (
				AA52295C16A9F1F00095EC1D /* CoreLocation.framework */,
				AA52294F16A9E6450095EC1D /* Social.framework */,
				AA52294B16A9E6320095EC1D /* Accounts.framework */,
				AA52294C16A9E6320095EC1D /* AdSupport.framework */,
				AA52294916A9E61B0095EC1D /* FacebookSDKResources.bundle */,
				AA52294716A9E5F00095EC1D /* FacebookSDK.framework */,
				AA52292A16A9E4970095EC1D /* UIKit.framework */,
				AA52292C16A9E4970095EC1D /* Foundation.framework */,
				AA52292E16A9E4970095EC1D /* CoreGraphics.framework */,
			);
			name = Frameworks;
			sourceTree = "<group>";
		};
		AA52293016A9E4970095EC1D /* testApp */ = {
			isa = PBXGroup;
			children = (
				AA52293916A9E4980095EC1D /* AppDelegate.h */,
				AA52293A16A9E4980095EC1D /* AppDelegate.m */,
				AA52295116A9E7BE0095EC1D /* Views */,
				AA52293116A9E4970095EC1D /* Supporting Files */,
			);
			path = testApp;
			sourceTree = "<group>";
		};
		AA52293116A9E4970095EC1D /* Supporting Files */ = {
			isa = PBXGroup;
			children = (
				AA52293216A9E4970095EC1D /* testApp-Info.plist */,
				AA52293316A9E4980095EC1D /* InfoPlist.strings */,
				AA52293616A9E4980095EC1D /* main.m */,
				AA52293816A9E4980095EC1D /* testApp-Prefix.pch */,
				AA52293C16A9E4980095EC1D /* Default.png */,
				AA52293E16A9E4980095EC1D /* Default@2x.png */,
				AA52294016A9E4980095EC1D /* Default-568h@2x.png */,
			);
			name = "Supporting Files";
			sourceTree = "<group>";
		};
		AA52295116A9E7BE0095EC1D /* Views */ = {
			isa = PBXGroup;
			children = (
				AA52295216A9E7D80095EC1D /* MainViewController.h */,
				AA52295316A9E7D80095EC1D /* MainViewController.m */,
				AA52295516A9E7E30095EC1D /* LoginViewController.h */,
				AA52295616A9E7E30095EC1D /* LoginViewController.m */,
			);
			name = Views;
			sourceTree = "<group>";
		};
/* End PBXGroup section */

/* Begin PBXNativeTarget section */
		AA52292516A9E4970095EC1D /* testApp */ = {
			isa = PBXNativeTarget;
			buildConfigurationList = AA52294416A9E4980095EC1D /* Build configuration list for PBXNativeTarget "testApp" */;
			buildPhases = (
				AA52292216A9E4970095EC1D /* Sources */,
				AA52292316A9E4970095EC1D /* Frameworks */,
				AA52292416A9E4970095EC1D /* Resources */,
			);
			buildRules = (
			);
			dependencies = (
			);
			name = testApp;
			productName = testApp;
			productReference = AA52292616A9E4970095EC1D /* testApp.app */;
			productType = "com.apple.product-type.application";
		};
/* End PBXNativeTarget section */

/* Begin PBXProject section */
		AA52291D16A9E4970095EC1D /* Project object */ = {
			isa = PBXProject;
			attributes = {
				LastUpgradeCheck = 0450;
				ORGANIZATIONNAME = "Ramiro Guerrero";
			};
			buildConfigurationList = AA52292016A9E4970095EC1D /* Build configuration list for PBXProject "testApp" */;
			compatibilityVersion = "Xcode 3.2";
			developmentRegion = English;
			hasScannedForEncodings = 0;
			knownRegions = (
				en,
			);
			mainGroup = AA52291B16A9E4970095EC1D;
			productRefGroup = AA52292716A9E4970095EC1D /* Products */;
			projectDirPath = "";
			projectRoot = "";
			targets = (
				AA52292516A9E4970095EC1D /* testApp */,
			);
		};
/* End PBXProject section */

/* Begin PBXResourcesBuildPhase section */
		AA52292416A9E4970095EC1D /* Resources */ = {
			isa = PBXResourcesBuildPhase;
			buildActionMask = 2147483647;
			files = (
				AA52293516A9E4980095EC1D /* InfoPlist.strings in Resources */,
				AA52293D16A9E4980095EC1D /* Default.png in Resources */,
				AA52293F16A9E4980095EC1D /* Default@2x.png in Resources */,
				AA52294116A9E4980095EC1D /* Default-568h@2x.png in Resources */,
				AA52294A16A9E61B0095EC1D /* FacebookSDKResources.bundle in Resources */,
			);
			runOnlyForDeploymentPostprocessing = 0;
		};
/* End PBXResourcesBuildPhase section */

/* Begin PBXSourcesBuildPhase section */
		AA52292216A9E4970095EC1D /* Sources */ = {
			isa = PBXSourcesBuildPhase;
			buildActionMask = 2147483647;
			files = (
				AA52293716A9E4980095EC1D /* main.m in Sources */,
				AA52293B16A9E4980095EC1D /* AppDelegate.m in Sources */,
				AA52295416A9E7D80095EC1D /* MainViewController.m in Sources */,
				AA52295716A9E7E30095EC1D /* LoginViewController.m in Sources */,
			);
			runOnlyForDeploymentPostprocessing = 0;
		};
/* End PBXSourcesBuildPhase section */

/* Begin PBXVariantGroup section */
		AA52293316A9E4980095EC1D /* InfoPlist.strings */ = {
			isa = PBXVariantGroup;
			children = (
				AA52293416A9E4980095EC1D /* en */,
			);
			name = InfoPlist.strings;
			sourceTree = "<group>";
		};
/* End PBXVariantGroup section */

/* Begin XCBuildConfiguration section */
		AA52294216A9E4980095EC1D /* Debug */ = {
			isa = XCBuildConfiguration;
			buildSettings = {
				ALWAYS_SEARCH_USER_PATHS = NO;
				CLANG_CXX_LANGUAGE_STANDARD = "gnu++0x";
				CLANG_CXX_LIBRARY = "libc++";
				CLANG_ENABLE_OBJC_ARC = YES;
				CLANG_WARN_EMPTY_BODY = YES;
				CLANG_WARN__DUPLICATE_METHOD_MATCH = YES;
				"CODE_SIGN_IDENTITY[sdk=iphoneos*]" = "iPhone Developer";
				COPY_PHASE_STRIP = NO;
				GCC_C_LANGUAGE_STANDARD = gnu99;
				GCC_DYNAMIC_NO_PIC = NO;
				GCC_OPTIMIZATION_LEVEL = 0;
				GCC_PREPROCESSOR_DEFINITIONS = (
					"DEBUG=1",
					"$(inherited)",
				);
				GCC_SYMBOLS_PRIVATE_EXTERN = NO;
				GCC_WARN_ABOUT_RETURN_TYPE = YES;
				GCC_WARN_UNINITIALIZED_AUTOS = YES;
				GCC_WARN_UNUSED_VARIABLE = YES;
				IPHONEOS_DEPLOYMENT_TARGET = 6.0;
				ONLY_ACTIVE_ARCH = YES;
				SDKROOT = iphoneos;
			};
			name = Debug;
		};
		AA52294316A9E4980095EC1D /* Release */ = {
			isa = XCBuildConfiguration;
			buildSettings = {
				ALWAYS_SEARCH_USER_PATHS = NO;
				CLANG_CXX_LANGUAGE_STANDARD = "gnu++0x";
				CLANG_CXX_LIBRARY = "libc++";
				CLANG_ENABLE_OBJC_ARC = YES;
				CLANG_WARN_EMPTY_BODY = YES;
				CLANG_WARN__DUPLICATE_METHOD_MATCH = YES;
				"CODE_SIGN_IDENTITY[sdk=iphoneos*]" = "iPhone Developer";
				COPY_PHASE_STRIP = YES;
				GCC_C_LANGUAGE_STANDARD = gnu99;
				GCC_WARN_ABOUT_RETURN_TYPE = YES;
				GCC_WARN_UNINITIALIZED_AUTOS = YES;
				GCC_WARN_UNUSED_VARIABLE = YES;
				IPHONEOS_DEPLOYMENT_TARGET = 6.0;
				OTHER_CFLAGS = "-DNS_BLOCK_ASSERTIONS=1";
				SDKROOT = iphoneos;
				VALIDATE_PRODUCT = YES;
			};
			name = Release;
		};
		AA52294516A9E4980095EC1D /* Debug */ = {
			isa = XCBuildConfiguration;
			buildSettings = {
				"CODE_SIGN_IDENTITY[sdk=iphoneos*]" = "iPhone Developer: Ramiro Guerrero (H4D96UXS7P)";
				FRAMEWORK_SEARCH_PATHS = (
					"$(inherited)",
					"\"$(SRCROOT)/../../../Documents/FacebookSDK\"",
				);
				GCC_PRECOMPILE_PREFIX_HEADER = YES;
				GCC_PREFIX_HEADER = "testApp/testApp-Prefix.pch";
				INFOPLIST_FILE = "testApp/testApp-Info.plist";
				OTHER_LDFLAGS = "-lsqlite3.0";
				PRODUCT_NAME = "$(TARGET_NAME)";
				"PROVISIONING_PROFILE[sdk=iphoneos*]" = "6C70F144-6843-414C-AD5F-AFCC5B173443";
				WRAPPER_EXTENSION = app;
			};
			name = Debug;
		};
		AA52294616A9E4980095EC1D /* Release */ = {
			isa = XCBuildConfiguration;
			buildSettings = {
				FRAMEWORK_SEARCH_PATHS = (
					"$(inherited)",
					"\"$(SRCROOT)/../../../Documents/FacebookSDK\"",
				);
				GCC_PRECOMPILE_PREFIX_HEADER = YES;
				GCC_PREFIX_HEADER = "testApp/testApp-Prefix.pch";
				INFOPLIST_FILE = "testApp/testApp-Info.plist";
				OTHER_LDFLAGS = "-lsqlite3.0";
				PRODUCT_NAME = "$(TARGET_NAME)";
				WRAPPER_EXTENSION = app;
			};
			name = Release;
		};
/* End XCBuildConfiguration section */

/* Begin XCConfigurationList section */
		AA52292016A9E4970095EC1D /* Build configuration list for PBXProject "testApp" */ = {
			isa = XCConfigurationList;
			buildConfigurations = (
				AA52294216A9E4980095EC1D /* Debug */,
				AA52294316A9E4980095EC1D /* Release */,
			);
			defaultConfigurationIsVisible = 0;
			defaultConfigurationName = Release;
		};
		AA52294416A9E4980095EC1D /* Build configuration list for PBXNativeTarget "testApp" */ = {
			isa = XCConfigurationList;
			buildConfigurations = (
				AA52294516A9E4980095EC1D /* Debug */,
				AA52294616A9E4980095EC1D /* Release */,
			);
			defaultConfigurationIsVisible = 0;
		};
/* End XCConfigurationList section */
	};
	rootObject = AA52291D16A9E4970095EC1D /* Project object */;
}
